
Microsoft Visual Studio Solution File, Format Version 12.00
# Visual Studio 15
VisualStudioVersion = 15.0.26124.0
MinimumVisualStudioVersion = 15.0.26124.0
Project("{FAE04EC0-301F-11D3-BF4B-00C04F79EFBC}") = "Persistence", "Persistence\Persistence.csproj", "{E5AF9567-D00D-475E-8651-DFAB1BC2964B}"
EndProject
Project("{FAE04EC0-301F-11D3-BF4B-00C04F79EFBC}") = "DAL", "DAL\DAL.csproj", "{FEE38371-E1B8-42C6-A1F8-D780F7B52FF8}"
EndProject
Project("{FAE04EC0-301F-11D3-BF4B-00C04F79EFBC}") = "BL", "BL\BL.csproj", "{57FEFD54-756D-4742-A45A-CFD4CE32386E}"
EndProject
Project("{FAE04EC0-301F-11D3-BF4B-00C04F79EFBC}") = "PL_Console", "PL_Console\PL_Console.csproj", "{8F8C0879-107C-4E3D-ACE6-4F34300C1F1C}"
EndProject
Project("{FAE04EC0-301F-11D3-BF4B-00C04F79EFBC}") = "BL.Test", "BL.Test\BL.Test.csproj", "{D07D8F30-E605-4132-81D1-8E7D523FC2A1}"
EndProject
Project("{FAE04EC0-301F-11D3-BF4B-00C04F79EFBC}") = "DAL.Test", "DAL.Test\DAL.Test.csproj", "{F47262CF-B366-49D8-8F94-2002EE2203A4}"
EndProject
Global
	GlobalSection(SolutionConfigurationPlatforms) = preSolution
		Debug|Any CPU = Debug|Any CPU
		Debug|x64 = Debug|x64
		Debug|x86 = Debug|x86
		Release|Any CPU = Release|Any CPU
		Release|x64 = Release|x64
		Release|x86 = Release|x86
	EndGlobalSection
	GlobalSection(SolutionProperties) = preSolution
		HideSolutionNode = FALSE
	EndGlobalSection
	GlobalSection(ProjectConfigurationPlatforms) = postSolution
		{E5AF9567-D00D-475E-8651-DFAB1BC2964B}.Debug|Any CPU.ActiveCfg = Debug|Any CPU
		{E5AF9567-D00D-475E-8651-DFAB1BC2964B}.Debug|Any CPU.Build.0 = Debug|Any CPU
		{E5AF9567-D00D-475E-8651-DFAB1BC2964B}.Debug|x64.ActiveCfg = Debug|Any CPU
		{E5AF9567-D00D-475E-8651-DFAB1BC2964B}.Debug|x64.Build.0 = Debug|Any CPU
		{E5AF9567-D00D-475E-8651-DFAB1BC2964B}.Debug|x86.ActiveCfg = Debug|Any CPU
		{E5AF9567-D00D-475E-8651-DFAB1BC2964B}.Debug|x86.Build.0 = Debug|Any CPU
		{E5AF9567-D00D-475E-8651-DFAB1BC2964B}.Release|Any CPU.ActiveCfg = Release|Any CPU
		{E5AF9567-D00D-475E-8651-DFAB1BC2964B}.Release|Any CPU.Build.0 = Release|Any CPU
		{E5AF9567-D00D-475E-8651-DFAB1BC2964B}.Release|x64.ActiveCfg = Release|Any CPU
		{E5AF9567-D00D-475E-8651-DFAB1BC2964B}.Release|x64.Build.0 = Release|Any CPU
		{E5AF9567-D00D-475E-8651-DFAB1BC2964B}.Release|x86.ActiveCfg = Release|Any CPU
		{E5AF9567-D00D-475E-8651-DFAB1BC2964B}.Release|x86.Build.0 = Release|Any CPU
		{FEE38371-E1B8-42C6-A1F8-D780F7B52FF8}.Debug|Any CPU.ActiveCfg = Debug|Any CPU
		{FEE38371-E1B8-42C6-A1F8-D780F7B52FF8}.Debug|Any CPU.Build.0 = Debug|Any CPU
		{FEE38371-E1B8-42C6-A1F8-D780F7B52FF8}.Debug|x64.ActiveCfg = Debug|Any CPU
		{FEE38371-E1B8-42C6-A1F8-D780F7B52FF8}.Debug|x64.Build.0 = Debug|Any CPU
		{FEE38371-E1B8-42C6-A1F8-D780F7B52FF8}.Debug|x86.ActiveCfg = Debug|Any CPU
		{FEE38371-E1B8-42C6-A1F8-D780F7B52FF8}.Debug|x86.Build.0 = Debug|Any CPU
		{FEE38371-E1B8-42C6-A1F8-D780F7B52FF8}.Release|Any CPU.ActiveCfg = Release|Any CPU
		{FEE38371-E1B8-42C6-A1F8-D780F7B52FF8}.Release|Any CPU.Build.0 = Release|Any CPU
		{FEE38371-E1B8-42C6-A1F8-D780F7B52FF8}.Release|x64.ActiveCfg = Release|Any CPU
		{FEE38371-E1B8-42C6-A1F8-D780F7B52FF8}.Release|x64.Build.0 = Release|Any CPU
		{FEE38371-E1B8-42C6-A1F8-D780F7B52FF8}.Release|x86.ActiveCfg = Release|Any CPU
		{FEE38371-E1B8-42C6-A1F8-D780F7B52FF8}.Release|x86.Build.0 = Release|Any CPU
		{57FEFD54-756D-4742-A45A-CFD4CE32386E}.Debug|Any CPU.ActiveCfg = Debug|Any CPU
		{57FEFD54-756D-4742-A45A-CFD4CE32386E}.Debug|Any CPU.Build.0 = Debug|Any CPU
		{57FEFD54-756D-4742-A45A-CFD4CE32386E}.Debug|x64.ActiveCfg = Debug|Any CPU
		{57FEFD54-756D-4742-A45A-CFD4CE32386E}.Debug|x64.Build.0 = Debug|Any CPU
		{57FEFD54-756D-4742-A45A-CFD4CE32386E}.Debug|x86.ActiveCfg = Debug|Any CPU
		{57FEFD54-756D-4742-A45A-CFD4CE32386E}.Debug|x86.Build.0 = Debug|Any CPU
		{57FEFD54-756D-4742-A45A-CFD4CE32386E}.Release|Any CPU.ActiveCfg = Release|Any CPU
		{57FEFD54-756D-4742-A45A-CFD4CE32386E}.Release|Any CPU.Build.0 = Release|Any CPU
		{57FEFD54-756D-4742-A45A-CFD4CE32386E}.Release|x64.ActiveCfg = Release|Any CPU
		{57FEFD54-756D-4742-A45A-CFD4CE32386E}.Release|x64.Build.0 = Release|Any CPU
		{57FEFD54-756D-4742-A45A-CFD4CE32386E}.Release|x86.ActiveCfg = Release|Any CPU
		{57FEFD54-756D-4742-A45A-CFD4CE32386E}.Release|x86.Build.0 = Release|Any CPU
		{8F8C0879-107C-4E3D-ACE6-4F34300C1F1C}.Debug|Any CPU.ActiveCfg = Debug|Any CPU
		{8F8C0879-107C-4E3D-ACE6-4F34300C1F1C}.Debug|Any CPU.Build.0 = Debug|Any CPU
		{8F8C0879-107C-4E3D-ACE6-4F34300C1F1C}.Debug|x64.ActiveCfg = Debug|Any CPU
		{8F8C0879-107C-4E3D-ACE6-4F34300C1F1C}.Debug|x64.Build.0 = Debug|Any CPU
		{8F8C0879-107C-4E3D-ACE6-4F34300C1F1C}.Debug|x86.ActiveCfg = Debug|Any CPU
		{8F8C0879-107C-4E3D-ACE6-4F34300C1F1C}.Debug|x86.Build.0 = Debug|Any CPU
		{8F8C0879-107C-4E3D-ACE6-4F34300C1F1C}.Release|Any CPU.ActiveCfg = Release|Any CPU
		{8F8C0879-107C-4E3D-ACE6-4F34300C1F1C}.Release|Any CPU.Build.0 = Release|Any CPU
		{8F8C0879-107C-4E3D-ACE6-4F34300C1F1C}.Release|x64.ActiveCfg = Release|Any CPU
		{8F8C0879-107C-4E3D-ACE6-4F34300C1F1C}.Release|x64.Build.0 = Release|Any CPU
		{8F8C0879-107C-4E3D-ACE6-4F34300C1F1C}.Release|x86.ActiveCfg = Release|Any CPU
		{8F8C0879-107C-4E3D-ACE6-4F34300C1F1C}.Release|x86.Build.0 = Release|Any CPU
		{D07D8F30-E605-4132-81D1-8E7D523FC2A1}.Debug|Any CPU.ActiveCfg = Debug|Any CPU
		{D07D8F30-E605-4132-81D1-8E7D523FC2A1}.Debug|Any CPU.Build.0 = Debug|Any CPU
		{D07D8F30-E605-4132-81D1-8E7D523FC2A1}.Debug|x64.ActiveCfg = Debug|Any CPU
		{D07D8F30-E605-4132-81D1-8E7D523FC2A1}.Debug|x64.Build.0 = Debug|Any CPU
		{D07D8F30-E605-4132-81D1-8E7D523FC2A1}.Debug|x86.ActiveCfg = Debug|Any CPU
		{D07D8F30-E605-4132-81D1-8E7D523FC2A1}.Debug|x86.Build.0 = Debug|Any CPU
		{D07D8F30-E605-4132-81D1-8E7D523FC2A1}.Release|Any CPU.ActiveCfg = Release|Any CPU
		{D07D8F30-E605-4132-81D1-8E7D523FC2A1}.Release|Any CPU.Build.0 = Release|Any CPU
		{D07D8F30-E605-4132-81D1-8E7D523FC2A1}.Release|x64.ActiveCfg = Release|Any CPU
		{D07D8F30-E605-4132-81D1-8E7D523FC2A1}.Release|x64.Build.0 = Release|Any CPU
		{D07D8F30-E605-4132-81D1-8E7D523FC2A1}.Release|x86.ActiveCfg = Release|Any CPU
		{D07D8F30-E605-4132-81D1-8E7D523FC2A1}.Release|x86.Build.0 = Release|Any CPU
		{F47262CF-B366-49D8-8F94-2002EE2203A4}.Debug|Any CPU.ActiveCfg = Debug|Any CPU
		{F47262CF-B366-49D8-8F94-2002EE2203A4}.Debug|Any CPU.Build.0 = Debug|Any CPU
		{F47262CF-B366-49D8-8F94-2002EE2203A4}.Debug|x64.ActiveCfg = Debug|Any CPU
		{F47262CF-B366-49D8-8F94-2002EE2203A4}.Debug|x64.Build.0 = Debug|Any CPU
		{F47262CF-B366-49D8-8F94-2002EE2203A4}.Debug|x86.ActiveCfg = Debug|Any CPU
		{F47262CF-B366-49D8-8F94-2002EE2203A4}.Debug|x86.Build.0 = Debug|Any CPU
		{F47262CF-B366-49D8-8F94-2002EE2203A4}.Release|Any CPU.ActiveCfg = Release|Any CPU
		{F47262CF-B366-49D8-8F94-2002EE2203A4}.Release|Any CPU.Build.0 = Release|Any CPU
		{F47262CF-B366-49D8-8F94-2002EE2203A4}.Release|x64.ActiveCfg = Release|Any CPU
		{F47262CF-B366-49D8-8F94-2002EE2203A4}.Release|x64.Build.0 = Release|Any CPU
		{F47262CF-B366-49D8-8F94-2002EE2203A4}.Release|x86.ActiveCfg = Release|Any CPU
		{F47262CF-B366-49D8-8F94-2002EE2203A4}.Release|x86.Build.0 = Release|Any CPU
	EndGlobalSection
EndGlobal
